
Microsoft Visual Studio Solution File, Format Version 12.00
# Visual Studio 15
Project("{FAE04EC0-301F-11D3-BF4B-00C04F79EFBC}") = "LavaCave", "LavaCave\LavaCave.csproj", "{79532053-069E-40C9-AB3B-8AC6CF9C3655}"
EndProject
Global
	GlobalSection(SolutionConfigurationPlatforms) = preSolution
		Debug|x86 = Debug|x86
		Release|x86 = Release|x86
	EndGlobalSection
	GlobalSection(ProjectConfigurationPlatforms) = postSolution
		{79532053-069E-40C9-AB3B-8AC6CF9C3655}.Debug|x86.ActiveCfg = Debug|x86
		{79532053-069E-40C9-AB3B-8AC6CF9C3655}.Debug|x86.Build.0 = Debug|x86
		{79532053-069E-40C9-AB3B-8AC6CF9C3655}.Release|x86.ActiveCfg = Release|x86
		{79532053-069E-40C9-AB3B-8AC6CF9C3655}.Release|x86.Build.0 = Release|x86
	EndGlobalSection
EndGlobal
